
Microsoft Visual Studio Solution File, Format Version 12.00
# Visual Studio 15
VisualStudioVersion = 15.0.28307.1022
MinimumVisualStudioVersion = 10.0.40219.1
Project("{FAE04EC0-301F-11D3-BF4B-00C04F79EFBC}") = "KI_Klausur_Tobias_Brehauer", "KI_Klausur_Tobias_Brehauer\KI_Klausur_Tobias_Brehauer.csproj", "{C4B8CCE0-2A26-478B-93FB-0A65E7DC9818}"
EndProject
Global
	GlobalSection(SolutionConfigurationPlatforms) = preSolution
		Debug|Any CPU = Debug|Any CPU
		Release|Any CPU = Release|Any CPU
	EndGlobalSection
	GlobalSection(ProjectConfigurationPlatforms) = postSolution
		{C4B8CCE0-2A26-478B-93FB-0A65E7DC9818}.Debug|Any CPU.ActiveCfg = Debug|Any CPU
		{C4B8CCE0-2A26-478B-93FB-0A65E7DC9818}.Debug|Any CPU.Build.0 = Debug|Any CPU
		{C4B8CCE0-2A26-478B-93FB-0A65E7DC9818}.Release|Any CPU.ActiveCfg = Release|Any CPU
		{C4B8CCE0-2A26-478B-93FB-0A65E7DC9818}.Release|Any CPU.Build.0 = Release|Any CPU
	EndGlobalSection
	GlobalSection(SolutionProperties) = preSolution
		HideSolutionNode = FALSE
	EndGlobalSection
	GlobalSection(ExtensibilityGlobals) = postSolution
		SolutionGuid = {FC81FC1B-2D35-4DBA-925C-3C32A30D9A16}
	EndGlobalSection
EndGlobal
